
Microsoft Visual Studio Solution File, Format Version 12.00
# Visual Studio Version 16
VisualStudioVersion = 16.0.30320.27
MinimumVisualStudioVersion = 10.0.40219.1
Project("{FAE04EC0-301F-11D3-BF4B-00C04F79EFBC}") = "GestaoFinanceira", "GestaoFinanceira.csproj", "{4475BC84-ADAF-470A-B318-AAD07B06F7AB}"
EndProject
Project("{54435603-DBB4-11D2-8724-00A0C9A8B90C}") = "Gestão", "Instalador\Gestão\Gestão.vdproj", "{6184E2D9-06A5-444F-9D5E-6D0A0B13418A}"
EndProject
Global
	GlobalSection(SolutionConfigurationPlatforms) = preSolution
		Debug|Any CPU = Debug|Any CPU
		Release|Any CPU = Release|Any CPU
	EndGlobalSection
	GlobalSection(ProjectConfigurationPlatforms) = postSolution
		{4475BC84-ADAF-470A-B318-AAD07B06F7AB}.Debug|Any CPU.ActiveCfg = Debug|Any CPU
		{4475BC84-ADAF-470A-B318-AAD07B06F7AB}.Debug|Any CPU.Build.0 = Debug|Any CPU
		{4475BC84-ADAF-470A-B318-AAD07B06F7AB}.Release|Any CPU.ActiveCfg = Release|Any CPU
		{4475BC84-ADAF-470A-B318-AAD07B06F7AB}.Release|Any CPU.Build.0 = Release|Any CPU
		{6184E2D9-06A5-444F-9D5E-6D0A0B13418A}.Debug|Any CPU.ActiveCfg = Debug
		{6184E2D9-06A5-444F-9D5E-6D0A0B13418A}.Release|Any CPU.ActiveCfg = Release
	EndGlobalSection
	GlobalSection(SolutionProperties) = preSolution
		HideSolutionNode = FALSE
	EndGlobalSection
	GlobalSection(ExtensibilityGlobals) = postSolution
		SolutionGuid = {FD1898FC-18A2-4FDC-B173-91FD52D3134A}
	EndGlobalSection
EndGlobal
